
Microsoft Visual Studio Solution File, Format Version 12.00
# Visual Studio Version 17
VisualStudioVersion = 17.10.35027.167
MinimumVisualStudioVersion = 10.0.40219.1
Project("{9A19103F-16F7-4668-BE54-9A1E7A4F7556}") = "Visus.LdapAuthentication", "Visus.LdapAuthentication\Visus.LdapAuthentication.csproj", "{EA3F0535-EBE1-4037-A570-C08502E46A27}"
EndProject
Project("{9A19103F-16F7-4668-BE54-9A1E7A4F7556}") = "Visus.LdapAuthentication.Tests", "Visus.LdapAuthentication.Tests\Visus.LdapAuthentication.Tests.csproj", "{51B49823-FC38-4CAC-8547-0B8E0D34FBDB}"
EndProject
Project("{2150E333-8FDC-42A3-9474-1A3956D46DE8}") = "Solution Items", "Solution Items", "{BAA71DF0-03B7-45CF-94A1-E5916DE6BB9D}"
	ProjectSection(SolutionItems) = preProject
		azure-pipelines.yml = azure-pipelines.yml
		README.md = README.md
	EndProjectSection
EndProject
Project("{9A19103F-16F7-4668-BE54-9A1E7A4F7556}") = "Visus.DirectoryAuthentication", "Visus.DirectoryAuthentication\Visus.DirectoryAuthentication.csproj", "{3375D21C-6E5E-4483-A7F5-B84A5D884AD5}"
EndProject
Project("{9A19103F-16F7-4668-BE54-9A1E7A4F7556}") = "Visus.DirectoryAuthentication.Tests", "Visus.DirectoryAuthentication.Tests\Visus.DirectoryAuthentication.Tests.csproj", "{ED86AA3C-6140-49A3-B7AC-B67EA3677704}"
EndProject
Project("{9A19103F-16F7-4668-BE54-9A1E7A4F7556}") = "Visus.Ldap.Core", "Visus.Ldap.Core\Visus.Ldap.Core.csproj", "{7E4D5060-E37C-40E4-BC62-069B7D494163}"
EndProject
Project("{9A19103F-16F7-4668-BE54-9A1E7A4F7556}") = "Visus.DirectoryIdentity", "Visus.DirectoryIdentity\Visus.DirectoryIdentity.csproj", "{6557E8AB-FDA8-45E0-AB64-6962A46DD9F2}"
EndProject
Project("{9A19103F-16F7-4668-BE54-9A1E7A4F7556}") = "Visus.DirectoryIdentity.Tests", "Visus.DirectoryIdentity.Tests\Visus.DirectoryIdentity.Tests.csproj", "{9E393F23-FD5B-4458-9020-EFB17A9DEFF6}"
EndProject
Global
	GlobalSection(SolutionConfigurationPlatforms) = preSolution
		Debug|Any CPU = Debug|Any CPU
		Release|Any CPU = Release|Any CPU
	EndGlobalSection
	GlobalSection(ProjectConfigurationPlatforms) = postSolution
		{EA3F0535-EBE1-4037-A570-C08502E46A27}.Debug|Any CPU.ActiveCfg = Debug|Any CPU
		{EA3F0535-EBE1-4037-A570-C08502E46A27}.Debug|Any CPU.Build.0 = Debug|Any CPU
		{EA3F0535-EBE1-4037-A570-C08502E46A27}.Release|Any CPU.ActiveCfg = Release|Any CPU
		{EA3F0535-EBE1-4037-A570-C08502E46A27}.Release|Any CPU.Build.0 = Release|Any CPU
		{51B49823-FC38-4CAC-8547-0B8E0D34FBDB}.Debug|Any CPU.ActiveCfg = Debug|Any CPU
		{51B49823-FC38-4CAC-8547-0B8E0D34FBDB}.Debug|Any CPU.Build.0 = Debug|Any CPU
		{51B49823-FC38-4CAC-8547-0B8E0D34FBDB}.Release|Any CPU.ActiveCfg = Release|Any CPU
		{51B49823-FC38-4CAC-8547-0B8E0D34FBDB}.Release|Any CPU.Build.0 = Release|Any CPU
		{3375D21C-6E5E-4483-A7F5-B84A5D884AD5}.Debug|Any CPU.ActiveCfg = Debug|Any CPU
		{3375D21C-6E5E-4483-A7F5-B84A5D884AD5}.Debug|Any CPU.Build.0 = Debug|Any CPU
		{3375D21C-6E5E-4483-A7F5-B84A5D884AD5}.Release|Any CPU.ActiveCfg = Release|Any CPU
		{3375D21C-6E5E-4483-A7F5-B84A5D884AD5}.Release|Any CPU.Build.0 = Release|Any CPU
		{ED86AA3C-6140-49A3-B7AC-B67EA3677704}.Debug|Any CPU.ActiveCfg = Debug|Any CPU
		{ED86AA3C-6140-49A3-B7AC-B67EA3677704}.Debug|Any CPU.Build.0 = Debug|Any CPU
		{ED86AA3C-6140-49A3-B7AC-B67EA3677704}.Release|Any CPU.ActiveCfg = Release|Any CPU
		{ED86AA3C-6140-49A3-B7AC-B67EA3677704}.Release|Any CPU.Build.0 = Release|Any CPU
		{7E4D5060-E37C-40E4-BC62-069B7D494163}.Debug|Any CPU.ActiveCfg = Debug|Any CPU
		{7E4D5060-E37C-40E4-BC62-069B7D494163}.Debug|Any CPU.Build.0 = Debug|Any CPU
		{7E4D5060-E37C-40E4-BC62-069B7D494163}.Release|Any CPU.ActiveCfg = Release|Any CPU
		{7E4D5060-E37C-40E4-BC62-069B7D494163}.Release|Any CPU.Build.0 = Release|Any CPU
		{6557E8AB-FDA8-45E0-AB64-6962A46DD9F2}.Debug|Any CPU.ActiveCfg = Debug|Any CPU
		{6557E8AB-FDA8-45E0-AB64-6962A46DD9F2}.Debug|Any CPU.Build.0 = Debug|Any CPU
		{6557E8AB-FDA8-45E0-AB64-6962A46DD9F2}.Release|Any CPU.ActiveCfg = Release|Any CPU
		{6557E8AB-FDA8-45E0-AB64-6962A46DD9F2}.Release|Any CPU.Build.0 = Release|Any CPU
		{9E393F23-FD5B-4458-9020-EFB17A9DEFF6}.Debug|Any CPU.ActiveCfg = Debug|Any CPU
		{9E393F23-FD5B-4458-9020-EFB17A9DEFF6}.Debug|Any CPU.Build.0 = Debug|Any CPU
		{9E393F23-FD5B-4458-9020-EFB17A9DEFF6}.Release|Any CPU.ActiveCfg = Release|Any CPU
		{9E393F23-FD5B-4458-9020-EFB17A9DEFF6}.Release|Any CPU.Build.0 = Release|Any CPU
	EndGlobalSection
	GlobalSection(SolutionProperties) = preSolution
		HideSolutionNode = FALSE
	EndGlobalSection
	GlobalSection(ExtensibilityGlobals) = postSolution
		SolutionGuid = {9705F2E6-40EE-432D-989F-B5177E0B73C6}
	EndGlobalSection
EndGlobal
